
Microsoft Visual Studio Solution File, Format Version 12.00
# Visual Studio Version 17
VisualStudioVersion = 17.10.35013.160
MinimumVisualStudioVersion = 10.0.40219.1
Project("{FAE04EC0-301F-11D3-BF4B-00C04F79EFBC}") = "ExpenseTracker", "ExpenseTracker\ExpenseTracker.csproj", "{2B6375E0-F453-4320-80E7-5165A575627C}"
EndProject
Project("{FAE04EC0-301F-11D3-BF4B-00C04F79EFBC}") = "ExpenseTracker.Domain", "ExpenceTracker.Domain\ExpenseTracker.Domain.csproj", "{E90C57AE-FB21-4BC1-A033-1FED44ED4D1D}"
EndProject
Project("{FAE04EC0-301F-11D3-BF4B-00C04F79EFBC}") = "ExpenseTracker.Infrastructure", "ExpenseTracker.Infrastructure\ExpenseTracker.Infrastructure.csproj", "{4B94B782-7E01-4D55-862B-EBB4D024A7C5}"
EndProject
Global
	GlobalSection(SolutionConfigurationPlatforms) = preSolution
		Debug|Any CPU = Debug|Any CPU
		Release|Any CPU = Release|Any CPU
	EndGlobalSection
	GlobalSection(ProjectConfigurationPlatforms) = postSolution
		{2B6375E0-F453-4320-80E7-5165A575627C}.Debug|Any CPU.ActiveCfg = Debug|Any CPU
		{2B6375E0-F453-4320-80E7-5165A575627C}.Debug|Any CPU.Build.0 = Debug|Any CPU
		{2B6375E0-F453-4320-80E7-5165A575627C}.Release|Any CPU.ActiveCfg = Release|Any CPU
		{2B6375E0-F453-4320-80E7-5165A575627C}.Release|Any CPU.Build.0 = Release|Any CPU
		{E90C57AE-FB21-4BC1-A033-1FED44ED4D1D}.Debug|Any CPU.ActiveCfg = Debug|Any CPU
		{E90C57AE-FB21-4BC1-A033-1FED44ED4D1D}.Debug|Any CPU.Build.0 = Debug|Any CPU
		{E90C57AE-FB21-4BC1-A033-1FED44ED4D1D}.Release|Any CPU.ActiveCfg = Release|Any CPU
		{E90C57AE-FB21-4BC1-A033-1FED44ED4D1D}.Release|Any CPU.Build.0 = Release|Any CPU
		{4B94B782-7E01-4D55-862B-EBB4D024A7C5}.Debug|Any CPU.ActiveCfg = Debug|Any CPU
		{4B94B782-7E01-4D55-862B-EBB4D024A7C5}.Debug|Any CPU.Build.0 = Debug|Any CPU
		{4B94B782-7E01-4D55-862B-EBB4D024A7C5}.Release|Any CPU.ActiveCfg = Release|Any CPU
		{4B94B782-7E01-4D55-862B-EBB4D024A7C5}.Release|Any CPU.Build.0 = Release|Any CPU
	EndGlobalSection
	GlobalSection(SolutionProperties) = preSolution
		HideSolutionNode = FALSE
	EndGlobalSection
	GlobalSection(ExtensibilityGlobals) = postSolution
		SolutionGuid = {032DA962-078F-473A-811F-D14B9896D61A}
	EndGlobalSection
EndGlobal
